
Microsoft Visual Studio Solution File, Format Version 12.00
# Visual Studio Version 16
VisualStudioVersion = 16.0.31205.134
MinimumVisualStudioVersion = 10.0.40219.1
Project("{9A19103F-16F7-4668-BE54-9A1E7A4F7556}") = "~temp", "~temp\~temp.csproj", "{EBCB2A48-4211-4C21-ADE2-1C20A6C415FA}"
EndProject
Project("{9A19103F-16F7-4668-BE54-9A1E7A4F7556}") = "Exam Problem School-Student", "Exam Problem School-Student\Exam Problem School-Student.csproj", "{F481FA7B-9249-47D7-82E1-18F043144153}"
EndProject
Project("{9A19103F-16F7-4668-BE54-9A1E7A4F7556}") = "Exam Problem School-Student2", "Exam Problem School-Student2\Exam Problem School-Student2.csproj", "{1A2BDF26-3F34-47AB-BC01-F402CF542592}"
EndProject
Project("{9A19103F-16F7-4668-BE54-9A1E7A4F7556}") = "Train", "Train\Train.csproj", "{7056A22D-954A-4C15-A47E-12097A75F492}"
EndProject
Project("{FAE04EC0-301F-11D3-BF4B-00C04F79EFBC}") = "Problem People LinkedList", "Problem People LinkedList\Problem People LinkedList.csproj", "{0A09135D-0651-4B8F-B884-0DBA1ED7CF5B}"
EndProject
Global
	GlobalSection(SolutionConfigurationPlatforms) = preSolution
		Debug|Any CPU = Debug|Any CPU
		Release|Any CPU = Release|Any CPU
	EndGlobalSection
	GlobalSection(ProjectConfigurationPlatforms) = postSolution
		{EBCB2A48-4211-4C21-ADE2-1C20A6C415FA}.Debug|Any CPU.ActiveCfg = Debug|Any CPU
		{EBCB2A48-4211-4C21-ADE2-1C20A6C415FA}.Debug|Any CPU.Build.0 = Debug|Any CPU
		{EBCB2A48-4211-4C21-ADE2-1C20A6C415FA}.Release|Any CPU.ActiveCfg = Release|Any CPU
		{EBCB2A48-4211-4C21-ADE2-1C20A6C415FA}.Release|Any CPU.Build.0 = Release|Any CPU
		{F481FA7B-9249-47D7-82E1-18F043144153}.Debug|Any CPU.ActiveCfg = Debug|Any CPU
		{F481FA7B-9249-47D7-82E1-18F043144153}.Debug|Any CPU.Build.0 = Debug|Any CPU
		{F481FA7B-9249-47D7-82E1-18F043144153}.Release|Any CPU.ActiveCfg = Release|Any CPU
		{F481FA7B-9249-47D7-82E1-18F043144153}.Release|Any CPU.Build.0 = Release|Any CPU
		{1A2BDF26-3F34-47AB-BC01-F402CF542592}.Debug|Any CPU.ActiveCfg = Debug|Any CPU
		{1A2BDF26-3F34-47AB-BC01-F402CF542592}.Debug|Any CPU.Build.0 = Debug|Any CPU
		{1A2BDF26-3F34-47AB-BC01-F402CF542592}.Release|Any CPU.ActiveCfg = Release|Any CPU
		{1A2BDF26-3F34-47AB-BC01-F402CF542592}.Release|Any CPU.Build.0 = Release|Any CPU
		{7056A22D-954A-4C15-A47E-12097A75F492}.Debug|Any CPU.ActiveCfg = Debug|Any CPU
		{7056A22D-954A-4C15-A47E-12097A75F492}.Debug|Any CPU.Build.0 = Debug|Any CPU
		{7056A22D-954A-4C15-A47E-12097A75F492}.Release|Any CPU.ActiveCfg = Release|Any CPU
		{7056A22D-954A-4C15-A47E-12097A75F492}.Release|Any CPU.Build.0 = Release|Any CPU
		{0A09135D-0651-4B8F-B884-0DBA1ED7CF5B}.Debug|Any CPU.ActiveCfg = Debug|Any CPU
		{0A09135D-0651-4B8F-B884-0DBA1ED7CF5B}.Debug|Any CPU.Build.0 = Debug|Any CPU
		{0A09135D-0651-4B8F-B884-0DBA1ED7CF5B}.Release|Any CPU.ActiveCfg = Release|Any CPU
		{0A09135D-0651-4B8F-B884-0DBA1ED7CF5B}.Release|Any CPU.Build.0 = Release|Any CPU
	EndGlobalSection
	GlobalSection(SolutionProperties) = preSolution
		HideSolutionNode = FALSE
	EndGlobalSection
	GlobalSection(ExtensibilityGlobals) = postSolution
		SolutionGuid = {FEC69589-5BA7-41CB-8DC4-EA36CDE73C95}
	EndGlobalSection
EndGlobal
